{
  "version": 4,
  "terraform_version": "1.9.1",
  "serial": 3,
  "lineage": "8e3bb965-b7fb-226f-a3cb-7838df0dd187",
  "outputs": {},
  "resources": [
    {
      "mode": "managed",
      "type": "openstack_networking_network_v2",
      "name": "PRI_192_168_31_0_24",
      "provider": "provider[\"registry.terraform.io/terraform-provider-openstack/openstack\"]",
      "instances": [
        {
          "schema_version": 0,
          "attributes": {
            "admin_state_up": true,
            "all_tags": [],
            "availability_zone_hints": [],
            "description": "PRI_192.168.31.0/24",
            "dns_domain": "",
            "external": false,
            "id": "6b258d3d-e3dd-4528-bc98-ce296244d8cd",
            "mtu": 1450,
            "name": "PRI_192.168.31.0/24",
            "port_security_enabled": true,
            "qos_policy_id": "",
            "region": "",
            "segments": [
              {
                "network_type": "vxlan",
                "physical_network": "",
                "segmentation_id": 58179
              }
            ],
            "shared": false,
            "tags": [],
            "tenant_id": "ebb5fac02d824f18950deac57c6edf49",
            "timeouts": null,
            "transparent_vlan": false,
            "value_specs": null
          },
          "sensitive_attributes": [],
          "private": "eyJlMmJmYjczMC1lY2FhLTExZTYtOGY4OC0zNDM2M2JjN2M0YzAiOnsiY3JlYXRlIjo2MDAwMDAwMDAwMDAsImRlbGV0ZSI6NjAwMDAwMDAwMDAwfX0="
        }
      ]
    },
    {
      "mode": "managed",
      "type": "openstack_networking_subnet_v2",
      "name": "PRI_192_168_31_0_24",
      "provider": "provider[\"registry.terraform.io/terraform-provider-openstack/openstack\"]",
      "instances": [
        {
          "schema_version": 0,
          "attributes": {
            "all_tags": [],
            "allocation_pool": [
              {
                "end": "192.168.31.200",
                "start": "192.168.31.101"
              }
            ],
            "allocation_pools": [
              {
                "end": "192.168.31.200",
                "start": "192.168.31.101"
              }
            ],
            "cidr": "192.168.31.0/24",
            "description": "PRI_192.168.31.0/24",
            "dns_nameservers": null,
            "enable_dhcp": true,
            "gateway_ip": "192.168.31.1",
            "host_routes": [],
            "id": "7b19a814-7f83-4937-83f7-4ea1042bafcb",
            "ip_version": 4,
            "ipv6_address_mode": "",
            "ipv6_ra_mode": "",
            "name": "PRI_192.168.31.0/24",
            "network_id": "6b258d3d-e3dd-4528-bc98-ce296244d8cd",
            "no_gateway": false,
            "prefix_length": null,
            "region": "",
            "service_types": [],
            "subnetpool_id": "",
            "tags": null,
            "tenant_id": "ebb5fac02d824f18950deac57c6edf49",
            "timeouts": null,
            "value_specs": null
          },
          "sensitive_attributes": [],
          "private": "eyJlMmJmYjczMC1lY2FhLTExZTYtOGY4OC0zNDM2M2JjN2M0YzAiOnsiY3JlYXRlIjo2MDAwMDAwMDAwMDAsImRlbGV0ZSI6NjAwMDAwMDAwMDAwfX0=",
          "dependencies": [
            "openstack_networking_network_v2.PRI_192_168_31_0_24"
          ]
        }
      ]
    }
  ],
  "check_results": null
}
