{
  "version": 4,
  "terraform_version": "1.9.1",
  "serial": 8,
  "lineage": "8e3bb965-b7fb-226f-a3cb-7838df0dd187",
  "outputs": {},
  "resources": [
    {
      "mode": "managed",
      "type": "openstack_networking_network_v2",
      "name": "PRI_192_168_31_0_24",
      "provider": "provider[\"registry.terraform.io/terraform-provider-openstack/openstack\"]",
      "instances": [
        {
          "schema_version": 0,
          "attributes": {
            "admin_state_up": true,
            "all_tags": [],
            "availability_zone_hints": [],
            "description": "PRI_192.168.31.0/24",
            "dns_domain": "",
            "external": false,
            "id": "6b258d3d-e3dd-4528-bc98-ce296244d8cd",
            "mtu": 1450,
            "name": "PRI_192.168.31.0/24",
            "port_security_enabled": true,
            "qos_policy_id": "",
            "region": "",
            "segments": [
              {
                "network_type": "vxlan",
                "physical_network": "",
                "segmentation_id": 58179
              }
            ],
            "shared": false,
            "tags": [],
            "tenant_id": "ebb5fac02d824f18950deac57c6edf49",
            "timeouts": null,
            "transparent_vlan": false,
            "value_specs": null
          },
          "sensitive_attributes": [],
          "private": "eyJlMmJmYjczMC1lY2FhLTExZTYtOGY4OC0zNDM2M2JjN2M0YzAiOnsiY3JlYXRlIjo2MDAwMDAwMDAwMDAsImRlbGV0ZSI6NjAwMDAwMDAwMDAwfX0="
        }
      ]
    },
    {
      "mode": "managed",
      "type": "openstack_networking_network_v2",
      "name": "PUB_192_168_37_0_24",
      "provider": "provider[\"registry.terraform.io/terraform-provider-openstack/openstack\"]",
      "instances": [
        {
          "schema_version": 0,
          "attributes": {
            "admin_state_up": true,
            "all_tags": [],
            "availability_zone_hints": [],
            "description": "",
            "dns_domain": "",
            "external": false,
            "id": "56cf0c40-7b64-4446-b26c-0571f049e2d6",
            "mtu": 1450,
            "name": "PRI_192.168.34.0/24",
            "port_security_enabled": true,
            "qos_policy_id": "",
            "region": "",
            "segments": [
              {
                "network_type": "vxlan",
                "physical_network": "",
                "segmentation_id": 61000
              }
            ],
            "shared": true,
            "tags": [],
            "tenant_id": "0692ac7e7bb348b7955e94a2814c9f39",
            "timeouts": null,
            "transparent_vlan": false,
            "value_specs": null
          },
          "sensitive_attributes": [],
          "private": "eyJlMmJmYjczMC1lY2FhLTExZTYtOGY4OC0zNDM2M2JjN2M0YzAiOnsiY3JlYXRlIjo2MDAwMDAwMDAwMDAsImRlbGV0ZSI6NjAwMDAwMDAwMDAwfSwic2NoZW1hX3ZlcnNpb24iOiIwIn0="
        }
      ]
    },
    {
      "mode": "managed",
      "type": "openstack_networking_port_v2",
      "name": "PRI_192_168_31_201",
      "provider": "provider[\"registry.terraform.io/terraform-provider-openstack/openstack\"]",
      "instances": [
        {
          "schema_version": 0,
          "attributes": {
            "admin_state_up": true,
            "all_fixed_ips": [
              "192.168.31.201"
            ],
            "all_security_group_ids": [
              "ef642e0c-8974-4393-9946-2736b18eccbb"
            ],
            "all_tags": [],
            "allowed_address_pairs": [],
            "binding": [
              {
                "host_id": "",
                "profile": "{}",
                "vif_details": {},
                "vif_type": "unbound",
                "vnic_type": "normal"
              }
            ],
            "description": "",
            "device_id": "",
            "device_owner": "",
            "dns_assignment": [],
            "dns_name": "",
            "extra_dhcp_option": [],
            "fixed_ip": [
              {
                "ip_address": "192.168.31.201",
                "subnet_id": "7b19a814-7f83-4937-83f7-4ea1042bafcb"
              }
            ],
            "id": "6db51c62-41e8-4374-98ca-c4084096d62f",
            "mac_address": "fa:16:3e:76:e4:48",
            "name": "PRI_192.168.31.201",
            "network_id": "6b258d3d-e3dd-4528-bc98-ce296244d8cd",
            "no_fixed_ip": null,
            "no_security_groups": null,
            "port_security_enabled": true,
            "qos_policy_id": "",
            "region": "",
            "security_group_ids": null,
            "tags": [],
            "tenant_id": "ebb5fac02d824f18950deac57c6edf49",
            "timeouts": null,
            "value_specs": null
          },
          "sensitive_attributes": [],
          "private": "eyJlMmJmYjczMC1lY2FhLTExZTYtOGY4OC0zNDM2M2JjN2M0YzAiOnsiY3JlYXRlIjo2MDAwMDAwMDAwMDAsImRlbGV0ZSI6NjAwMDAwMDAwMDAwfX0=",
          "dependencies": [
            "openstack_networking_network_v2.PRI_192_168_31_0_24",
            "openstack_networking_subnet_v2.PRI_192_168_31_0_24"
          ]
        }
      ]
    },
    {
      "mode": "managed",
      "type": "openstack_networking_port_v2",
      "name": "PRI_192_168_31_202",
      "provider": "provider[\"registry.terraform.io/terraform-provider-openstack/openstack\"]",
      "instances": [
        {
          "schema_version": 0,
          "attributes": {
            "admin_state_up": true,
            "all_fixed_ips": [
              "192.168.31.202"
            ],
            "all_security_group_ids": [
              "ef642e0c-8974-4393-9946-2736b18eccbb"
            ],
            "all_tags": [],
            "allowed_address_pairs": [],
            "binding": [
              {
                "host_id": "",
                "profile": "{}",
                "vif_details": {},
                "vif_type": "unbound",
                "vnic_type": "normal"
              }
            ],
            "description": "",
            "device_id": "",
            "device_owner": "",
            "dns_assignment": [],
            "dns_name": "",
            "extra_dhcp_option": [],
            "fixed_ip": [
              {
                "ip_address": "192.168.31.202",
                "subnet_id": "7b19a814-7f83-4937-83f7-4ea1042bafcb"
              }
            ],
            "id": "919709ca-9222-439b-927d-db0d1b9e8709",
            "mac_address": "fa:16:3e:9a:0e:e0",
            "name": "PRI_192.168.31.202",
            "network_id": "6b258d3d-e3dd-4528-bc98-ce296244d8cd",
            "no_fixed_ip": null,
            "no_security_groups": null,
            "port_security_enabled": true,
            "qos_policy_id": "",
            "region": "",
            "security_group_ids": null,
            "tags": null,
            "tenant_id": "ebb5fac02d824f18950deac57c6edf49",
            "timeouts": null,
            "value_specs": null
          },
          "sensitive_attributes": [],
          "private": "eyJlMmJmYjczMC1lY2FhLTExZTYtOGY4OC0zNDM2M2JjN2M0YzAiOnsiY3JlYXRlIjo2MDAwMDAwMDAwMDAsImRlbGV0ZSI6NjAwMDAwMDAwMDAwfX0=",
          "dependencies": [
            "openstack_networking_network_v2.PRI_192_168_31_0_24",
            "openstack_networking_subnet_v2.PRI_192_168_31_0_24"
          ]
        }
      ]
    },
    {
      "mode": "managed",
      "type": "openstack_networking_subnet_v2",
      "name": "PRI_192_168_31_0_24",
      "provider": "provider[\"registry.terraform.io/terraform-provider-openstack/openstack\"]",
      "instances": [
        {
          "schema_version": 0,
          "attributes": {
            "all_tags": [],
            "allocation_pool": [
              {
                "end": "192.168.31.200",
                "start": "192.168.31.101"
              }
            ],
            "allocation_pools": [
              {
                "end": "192.168.31.200",
                "start": "192.168.31.101"
              }
            ],
            "cidr": "192.168.31.0/24",
            "description": "PRI_192.168.31.0/24",
            "dns_nameservers": [],
            "enable_dhcp": true,
            "gateway_ip": "192.168.31.1",
            "host_routes": [],
            "id": "7b19a814-7f83-4937-83f7-4ea1042bafcb",
            "ip_version": 4,
            "ipv6_address_mode": "",
            "ipv6_ra_mode": "",
            "name": "PRI_192.168.31.0/24",
            "network_id": "6b258d3d-e3dd-4528-bc98-ce296244d8cd",
            "no_gateway": false,
            "prefix_length": null,
            "region": "",
            "service_types": [],
            "subnetpool_id": "",
            "tags": [],
            "tenant_id": "ebb5fac02d824f18950deac57c6edf49",
            "timeouts": null,
            "value_specs": null
          },
          "sensitive_attributes": [],
          "private": "eyJlMmJmYjczMC1lY2FhLTExZTYtOGY4OC0zNDM2M2JjN2M0YzAiOnsiY3JlYXRlIjo2MDAwMDAwMDAwMDAsImRlbGV0ZSI6NjAwMDAwMDAwMDAwfX0=",
          "dependencies": [
            "openstack_networking_network_v2.PRI_192_168_31_0_24"
          ]
        }
      ]
    }
  ],
  "check_results": null
}
